
Microsoft Visual Studio Solution File, Format Version 12.00
# Visual Studio 15
VisualStudioVersion = 15.0.28307.271
MinimumVisualStudioVersion = 10.0.40219.1
Project("{FAE04EC0-301F-11D3-BF4B-00C04F79EFBC}") = "Rasp.Api", "Rasp.Api\Rasp.Api.csproj", "{2EDCA87E-30D3-4BEE-A0A4-0FDE67006AAA}"
EndProject
Global
	GlobalSection(SolutionConfigurationPlatforms) = preSolution
		Debug|Any CPU = Debug|Any CPU
		Release|Any CPU = Release|Any CPU
	EndGlobalSection
	GlobalSection(ProjectConfigurationPlatforms) = postSolution
		{2EDCA87E-30D3-4BEE-A0A4-0FDE67006AAA}.Debug|Any CPU.ActiveCfg = Debug|Any CPU
		{2EDCA87E-30D3-4BEE-A0A4-0FDE67006AAA}.Debug|Any CPU.Build.0 = Debug|Any CPU
		{2EDCA87E-30D3-4BEE-A0A4-0FDE67006AAA}.Release|Any CPU.ActiveCfg = Release|Any CPU
		{2EDCA87E-30D3-4BEE-A0A4-0FDE67006AAA}.Release|Any CPU.Build.0 = Release|Any CPU
	EndGlobalSection
	GlobalSection(SolutionProperties) = preSolution
		HideSolutionNode = FALSE
	EndGlobalSection
	GlobalSection(ExtensibilityGlobals) = postSolution
		SolutionGuid = {DA9A55F2-B5BD-4635-ACE1-67EF081D0F62}
	EndGlobalSection
EndGlobal
